{
  "name": "alpine-study",
  "version": "1.0.0",
  "lockfileVersion": 1,
  "requires": true,
  "dependencies": {
    "@vue/reactivity": {
      "version": "3.1.1",
      "resolved": "https://registry.nlark.com/@vue/reactivity/download/@vue/reactivity-3.1.1.tgz",
      "integrity": "sha1-nAL9FGpsOwPn1li3z3b0tpsPmMg=",
      "dev": true,
      "requires": {
        "@vue/shared": "3.1.1"
      }
    },
    "@vue/shared": {
      "version": "3.1.1",
      "resolved": "https://registry.nlark.com/@vue/shared/download/@vue/shared-3.1.1.tgz",
      "integrity": "sha1-IofPw9wg5bIK62XCw6VlM73KgBw=",
      "dev": true
    },
    "alpinejs": {
      "version": "3.0.0",
      "resolved": "https://registry.nlark.com/alpinejs/download/alpinejs-3.0.0.tgz",
      "integrity": "sha1-nWxSPAK/bVrObak7Aly+XqI07j8=",
      "dev": true,
      "requires": {
        "@vue/reactivity": "^3.0.2"
      }
    }
  }
}
