{
  "name": "alpine-study",
  "version": "1.0.0",
  "lockfileVersion": 1,
  "requires": true,
  "dependencies": {
    "alpinejs": {
      "version": "2.8.0",
      "resolved": "https://registry.npm.taobao.org/alpinejs/download/alpinejs-2.8.0.tgz",
      "integrity": "sha1-0N5zCd1kLpGYrvfBSsuSQyRlSfA=",
      "dev": true
    }
  }
}
